// !$*UTF8*$!
{
	archiveVersion = 1;
	classes = {
	};
	objectVersion = 56;
	objects = {

/* Begin PBXBuildFile section */
		9168C8682BE4C34D000E8F57 /* BigButton.swift in Sources */ = {isa = PBXBuildFile; fileRef = 9168C8672BE4C34D000E8F57 /* BigButton.swift */; };
		9168C86C2BE4DD8E000E8F57 /* LoignViewViewModel.swift in Sources */ = {isa = PBXBuildFile; fileRef = 9168C86B2BE4DD8E000E8F57 /* LoignViewViewModel.swift */; };
		9168C86E2BE4E721000E8F57 /* RegisterViewViewModel.swift in Sources */ = {isa = PBXBuildFile; fileRef = 9168C86D2BE4E721000E8F57 /* RegisterViewViewModel.swift */; };
		9168C8712BE55E00000E8F57 /* FirebaseAuth in Frameworks */ = {isa = PBXBuildFile; productRef = 9168C8702BE55E00000E8F57 /* FirebaseAuth */; };
		9168C8732BE57127000E8F57 /* MainViewViewModel.swift in Sources */ = {isa = PBXBuildFile; fileRef = 9168C8722BE57127000E8F57 /* MainViewViewModel.swift */; };
		9168C8752BE572A3000E8F57 /* FirebaseFirestoreSwift in Frameworks */ = {isa = PBXBuildFile; productRef = 9168C8742BE572A3000E8F57 /* FirebaseFirestoreSwift */; };
		9168C8772BE572AB000E8F57 /* FirebaseFirestore in Frameworks */ = {isa = PBXBuildFile; productRef = 9168C8762BE572AB000E8F57 /* FirebaseFirestore */; };
		9168C8792BE572F1000E8F57 /* Extension.swift in Sources */ = {isa = PBXBuildFile; fileRef = 9168C8782BE572F1000E8F57 /* Extension.swift */; };
		91EADD5D2BE2EAAF00E30520 /* NoteAppApp.swift in Sources */ = {isa = PBXBuildFile; fileRef = 91EADD5C2BE2EAAF00E30520 /* NoteAppApp.swift */; };
		91EADD5F2BE2EAAF00E30520 /* MainView.swift in Sources */ = {isa = PBXBuildFile; fileRef = 91EADD5E2BE2EAAF00E30520 /* MainView.swift */; };
		91EADD612BE2EAB100E30520 /* Assets.xcassets in Resources */ = {isa = PBXBuildFile; fileRef = 91EADD602BE2EAB100E30520 /* Assets.xcassets */; };
		91EADD642BE2EAB100E30520 /* Preview Assets.xcassets in Resources */ = {isa = PBXBuildFile; fileRef = 91EADD632BE2EAB100E30520 /* Preview Assets.xcassets */; };
		91EADD6C2BE2EAEE00E30520 /* FirebaseAnalytics in Frameworks */ = {isa = PBXBuildFile; productRef = 91EADD6B2BE2EAEE00E30520 /* FirebaseAnalytics */; };
		91EADD6E2BE2EAEE00E30520 /* FirebaseAnalyticsOnDeviceConversion in Frameworks */ = {isa = PBXBuildFile; productRef = 91EADD6D2BE2EAEE00E30520 /* FirebaseAnalyticsOnDeviceConversion */; };
		91EADD702BE2EAEE00E30520 /* FirebaseAnalyticsSwift in Frameworks */ = {isa = PBXBuildFile; productRef = 91EADD6F2BE2EAEE00E30520 /* FirebaseAnalyticsSwift */; };
		91EADD722BE2EAEE00E30520 /* FirebaseAnalyticsWithoutAdIdSupport in Frameworks */ = {isa = PBXBuildFile; productRef = 91EADD712BE2EAEE00E30520 /* FirebaseAnalyticsWithoutAdIdSupport */; };
		91EADD742BE2EAEE00E30520 /* FirebaseAppCheck in Frameworks */ = {isa = PBXBuildFile; productRef = 91EADD732BE2EAEE00E30520 /* FirebaseAppCheck */; };
		91EADD7A2BE2EBEF00E30520 /* GoogleService-Info.plist in Resources */ = {isa = PBXBuildFile; fileRef = 91EADD792BE2EBEF00E30520 /* GoogleService-Info.plist */; };
		91EADD7D2BE2ED0D00E30520 /* LoginView.swift in Sources */ = {isa = PBXBuildFile; fileRef = 91EADD7C2BE2ED0D00E30520 /* LoginView.swift */; };
		91EADD7F2BE2ED1700E30520 /* RegisterView.swift in Sources */ = {isa = PBXBuildFile; fileRef = 91EADD7E2BE2ED1700E30520 /* RegisterView.swift */; };
		91EADD832BE2ED3400E30520 /* ToDoListView.swift in Sources */ = {isa = PBXBuildFile; fileRef = 91EADD822BE2ED3400E30520 /* ToDoListView.swift */; };
		91EADD852BE2ED4000E30520 /* ToDoListItemView.swift in Sources */ = {isa = PBXBuildFile; fileRef = 91EADD842BE2ED4000E30520 /* ToDoListItemView.swift */; };
		91EADD872BE2ED4B00E30520 /* ProfileView.swift in Sources */ = {isa = PBXBuildFile; fileRef = 91EADD862BE2ED4B00E30520 /* ProfileView.swift */; };
		91EADD892BE2ED5500E30520 /* User.swift in Sources */ = {isa = PBXBuildFile; fileRef = 91EADD882BE2ED5500E30520 /* User.swift */; };
		91EADD8B2BE2ED6D00E30520 /* ToDoListItem.swift in Sources */ = {isa = PBXBuildFile; fileRef = 91EADD8A2BE2ED6D00E30520 /* ToDoListItem.swift */; };
/* End PBXBuildFile section */

/* Begin PBXFileReference section */
		9168C8672BE4C34D000E8F57 /* BigButton.swift */ = {isa = PBXFileReference; lastKnownFileType = sourcecode.swift; path = BigButton.swift; sourceTree = "<group>"; };
		9168C86B2BE4DD8E000E8F57 /* LoignViewViewModel.swift */ = {isa = PBXFileReference; lastKnownFileType = sourcecode.swift; path = LoignViewViewModel.swift; sourceTree = "<group>"; };
		9168C86D2BE4E721000E8F57 /* RegisterViewViewModel.swift */ = {isa = PBXFileReference; lastKnownFileType = sourcecode.swift; path = RegisterViewViewModel.swift; sourceTree = "<group>"; };
		9168C8722BE57127000E8F57 /* MainViewViewModel.swift */ = {isa = PBXFileReference; lastKnownFileType = sourcecode.swift; path = MainViewViewModel.swift; sourceTree = "<group>"; };
		9168C8782BE572F1000E8F57 /* Extension.swift */ = {isa = PBXFileReference; lastKnownFileType = sourcecode.swift; path = Extension.swift; sourceTree = "<group>"; };
		91EADD592BE2EAAF00E30520 /* NoteApp.app */ = {isa = PBXFileReference; explicitFileType = wrapper.application; includeInIndex = 0; path = NoteApp.app; sourceTree = BUILT_PRODUCTS_DIR; };
		91EADD5C2BE2EAAF00E30520 /* NoteAppApp.swift */ = {isa = PBXFileReference; lastKnownFileType = sourcecode.swift; path = NoteAppApp.swift; sourceTree = "<group>"; };
		91EADD5E2BE2EAAF00E30520 /* MainView.swift */ = {isa = PBXFileReference; lastKnownFileType = sourcecode.swift; path = MainView.swift; sourceTree = "<group>"; };
		91EADD602BE2EAB100E30520 /* Assets.xcassets */ = {isa = PBXFileReference; lastKnownFileType = folder.assetcatalog; path = Assets.xcassets; sourceTree = "<group>"; };
		91EADD632BE2EAB100E30520 /* Preview Assets.xcassets */ = {isa = PBXFileReference; lastKnownFileType = folder.assetcatalog; path = "Preview Assets.xcassets"; sourceTree = "<group>"; };
		91EADD792BE2EBEF00E30520 /* GoogleService-Info.plist */ = {isa = PBXFileReference; fileEncoding = 4; lastKnownFileType = text.plist.xml; path = "GoogleService-Info.plist"; sourceTree = "<group>"; };
		91EADD7C2BE2ED0D00E30520 /* LoginView.swift */ = {isa = PBXFileReference; lastKnownFileType = sourcecode.swift; path = LoginView.swift; sourceTree = "<group>"; };
		91EADD7E2BE2ED1700E30520 /* RegisterView.swift */ = {isa = PBXFileReference; lastKnownFileType = sourcecode.swift; path = RegisterView.swift; sourceTree = "<group>"; };
		91EADD822BE2ED3400E30520 /* ToDoListView.swift */ = {isa = PBXFileReference; lastKnownFileType = sourcecode.swift; path = ToDoListView.swift; sourceTree = "<group>"; };
		91EADD842BE2ED4000E30520 /* ToDoListItemView.swift */ = {isa = PBXFileReference; lastKnownFileType = sourcecode.swift; path = ToDoListItemView.swift; sourceTree = "<group>"; };
		91EADD862BE2ED4B00E30520 /* ProfileView.swift */ = {isa = PBXFileReference; lastKnownFileType = sourcecode.swift; path = ProfileView.swift; sourceTree = "<group>"; };
		91EADD882BE2ED5500E30520 /* User.swift */ = {isa = PBXFileReference; lastKnownFileType = sourcecode.swift; path = User.swift; sourceTree = "<group>"; };
		91EADD8A2BE2ED6D00E30520 /* ToDoListItem.swift */ = {isa = PBXFileReference; lastKnownFileType = sourcecode.swift; path = ToDoListItem.swift; sourceTree = "<group>"; };
/* End PBXFileReference section */

/* Begin PBXFrameworksBuildPhase section */
		91EADD562BE2EAAF00E30520 /* Frameworks */ = {
			isa = PBXFrameworksBuildPhase;
			buildActionMask = 2147483647;
			files = (
				91EADD702BE2EAEE00E30520 /* FirebaseAnalyticsSwift in Frameworks */,
				9168C8712BE55E00000E8F57 /* FirebaseAuth in Frameworks */,
				91EADD6C2BE2EAEE00E30520 /* FirebaseAnalytics in Frameworks */,
				9168C8752BE572A3000E8F57 /* FirebaseFirestoreSwift in Frameworks */,
				91EADD6E2BE2EAEE00E30520 /* FirebaseAnalyticsOnDeviceConversion in Frameworks */,
				9168C8772BE572AB000E8F57 /* FirebaseFirestore in Frameworks */,
				91EADD742BE2EAEE00E30520 /* FirebaseAppCheck in Frameworks */,
				91EADD722BE2EAEE00E30520 /* FirebaseAnalyticsWithoutAdIdSupport in Frameworks */,
			);
			runOnlyForDeploymentPostprocessing = 0;
		};
/* End PBXFrameworksBuildPhase section */

/* Begin PBXGroup section */
		9168C86F2BE55E00000E8F57 /* Frameworks */ = {
			isa = PBXGroup;
			children = (
			);
			name = Frameworks;
			sourceTree = "<group>";
		};
		91EADD502BE2EAAF00E30520 = {
			isa = PBXGroup;
			children = (
				91EADD5B2BE2EAAF00E30520 /* NoteApp */,
				91EADD5A2BE2EAAF00E30520 /* Products */,
				9168C86F2BE55E00000E8F57 /* Frameworks */,
			);
			sourceTree = "<group>";
		};
		91EADD5A2BE2EAAF00E30520 /* Products */ = {
			isa = PBXGroup;
			children = (
				91EADD592BE2EAAF00E30520 /* NoteApp.app */,
			);
			name = Products;
			sourceTree = "<group>";
		};
		91EADD5B2BE2EAAF00E30520 /* NoteApp */ = {
			isa = PBXGroup;
			children = (
				91EADD7B2BE2ECED00E30520 /* Others */,
				91EADD782BE2EB8F00E30520 /* ViewModels */,
				91EADD772BE2EB8700E30520 /* Models */,
				91EADD752BE2EB7800E30520 /* Views */,
				91EADD622BE2EAB100E30520 /* Preview Content */,
			);
			path = NoteApp;
			sourceTree = "<group>";
		};
		91EADD622BE2EAB100E30520 /* Preview Content */ = {
			isa = PBXGroup;
			children = (
				91EADD632BE2EAB100E30520 /* Preview Assets.xcassets */,
			);
			path = "Preview Content";
			sourceTree = "<group>";
		};
		91EADD752BE2EB7800E30520 /* Views */ = {
			isa = PBXGroup;
			children = (
				91EADD5E2BE2EAAF00E30520 /* MainView.swift */,
				91EADD7C2BE2ED0D00E30520 /* LoginView.swift */,
				91EADD7E2BE2ED1700E30520 /* RegisterView.swift */,
				91EADD822BE2ED3400E30520 /* ToDoListView.swift */,
				91EADD842BE2ED4000E30520 /* ToDoListItemView.swift */,
				91EADD862BE2ED4B00E30520 /* ProfileView.swift */,
				9168C8672BE4C34D000E8F57 /* BigButton.swift */,
			);
			path = Views;
			sourceTree = "<group>";
		};
		91EADD772BE2EB8700E30520 /* Models */ = {
			isa = PBXGroup;
			children = (
				91EADD882BE2ED5500E30520 /* User.swift */,
				91EADD8A2BE2ED6D00E30520 /* ToDoListItem.swift */,
			);
			path = Models;
			sourceTree = "<group>";
		};
		91EADD782BE2EB8F00E30520 /* ViewModels */ = {
			isa = PBXGroup;
			children = (
				9168C86B2BE4DD8E000E8F57 /* LoignViewViewModel.swift */,
				9168C86D2BE4E721000E8F57 /* RegisterViewViewModel.swift */,
				9168C8722BE57127000E8F57 /* MainViewViewModel.swift */,
			);
			path = ViewModels;
			sourceTree = "<group>";
		};
		91EADD7B2BE2ECED00E30520 /* Others */ = {
			isa = PBXGroup;
			children = (
				91EADD792BE2EBEF00E30520 /* GoogleService-Info.plist */,
				91EADD602BE2EAB100E30520 /* Assets.xcassets */,
				91EADD5C2BE2EAAF00E30520 /* NoteAppApp.swift */,
				9168C8782BE572F1000E8F57 /* Extension.swift */,
			);
			path = Others;
			sourceTree = "<group>";
		};
/* End PBXGroup section */

/* Begin PBXNativeTarget section */
		91EADD582BE2EAAF00E30520 /* NoteApp */ = {
			isa = PBXNativeTarget;
			buildConfigurationList = 91EADD672BE2EAB100E30520 /* Build configuration list for PBXNativeTarget "NoteApp" */;
			buildPhases = (
				91EADD552BE2EAAF00E30520 /* Sources */,
				91EADD562BE2EAAF00E30520 /* Frameworks */,
				91EADD572BE2EAAF00E30520 /* Resources */,
			);
			buildRules = (
			);
			dependencies = (
			);
			name = NoteApp;
			packageProductDependencies = (
				91EADD6B2BE2EAEE00E30520 /* FirebaseAnalytics */,
				91EADD6D2BE2EAEE00E30520 /* FirebaseAnalyticsOnDeviceConversion */,
				91EADD6F2BE2EAEE00E30520 /* FirebaseAnalyticsSwift */,
				91EADD712BE2EAEE00E30520 /* FirebaseAnalyticsWithoutAdIdSupport */,
				91EADD732BE2EAEE00E30520 /* FirebaseAppCheck */,
				9168C8702BE55E00000E8F57 /* FirebaseAuth */,
				9168C8742BE572A3000E8F57 /* FirebaseFirestoreSwift */,
				9168C8762BE572AB000E8F57 /* FirebaseFirestore */,
			);
			productName = NoteApp;
			productReference = 91EADD592BE2EAAF00E30520 /* NoteApp.app */;
			productType = "com.apple.product-type.application";
		};
/* End PBXNativeTarget section */

/* Begin PBXProject section */
		91EADD512BE2EAAF00E30520 /* Project object */ = {
			isa = PBXProject;
			attributes = {
				BuildIndependentTargetsInParallel = 1;
				LastSwiftUpdateCheck = 1500;
				LastUpgradeCheck = 1500;
				TargetAttributes = {
					91EADD582BE2EAAF00E30520 = {
						CreatedOnToolsVersion = 15.0.1;
					};
				};
			};
			buildConfigurationList = 91EADD542BE2EAAF00E30520 /* Build configuration list for PBXProject "NoteApp" */;
			compatibilityVersion = "Xcode 14.0";
			developmentRegion = en;
			hasScannedForEncodings = 0;
			knownRegions = (
				en,
				Base,
			);
			mainGroup = 91EADD502BE2EAAF00E30520;
			packageReferences = (
				91EADD6A2BE2EAEE00E30520 /* XCRemoteSwiftPackageReference "firebase-ios-sdk" */,
			);
			productRefGroup = 91EADD5A2BE2EAAF00E30520 /* Products */;
			projectDirPath = "";
			projectRoot = "";
			targets = (
				91EADD582BE2EAAF00E30520 /* NoteApp */,
			);
		};
/* End PBXProject section */

/* Begin PBXResourcesBuildPhase section */
		91EADD572BE2EAAF00E30520 /* Resources */ = {
			isa = PBXResourcesBuildPhase;
			buildActionMask = 2147483647;
			files = (
				91EADD642BE2EAB100E30520 /* Preview Assets.xcassets in Resources */,
				91EADD612BE2EAB100E30520 /* Assets.xcassets in Resources */,
				91EADD7A2BE2EBEF00E30520 /* GoogleService-Info.plist in Resources */,
			);
			runOnlyForDeploymentPostprocessing = 0;
		};
/* End PBXResourcesBuildPhase section */

/* Begin PBXSourcesBuildPhase section */
		91EADD552BE2EAAF00E30520 /* Sources */ = {
			isa = PBXSourcesBuildPhase;
			buildActionMask = 2147483647;
			files = (
				91EADD7D2BE2ED0D00E30520 /* LoginView.swift in Sources */,
				91EADD852BE2ED4000E30520 /* ToDoListItemView.swift in Sources */,
				9168C86E2BE4E721000E8F57 /* RegisterViewViewModel.swift in Sources */,
				91EADD7F2BE2ED1700E30520 /* RegisterView.swift in Sources */,
				9168C86C2BE4DD8E000E8F57 /* LoignViewViewModel.swift in Sources */,
				91EADD5F2BE2EAAF00E30520 /* MainView.swift in Sources */,
				91EADD892BE2ED5500E30520 /* User.swift in Sources */,
				91EADD5D2BE2EAAF00E30520 /* NoteAppApp.swift in Sources */,
				91EADD872BE2ED4B00E30520 /* ProfileView.swift in Sources */,
				9168C8792BE572F1000E8F57 /* Extension.swift in Sources */,
				9168C8732BE57127000E8F57 /* MainViewViewModel.swift in Sources */,
				91EADD832BE2ED3400E30520 /* ToDoListView.swift in Sources */,
				9168C8682BE4C34D000E8F57 /* BigButton.swift in Sources */,
				91EADD8B2BE2ED6D00E30520 /* ToDoListItem.swift in Sources */,
			);
			runOnlyForDeploymentPostprocessing = 0;
		};
/* End PBXSourcesBuildPhase section */

/* Begin XCBuildConfiguration section */
		91EADD652BE2EAB100E30520 /* Debug */ = {
			isa = XCBuildConfiguration;
			buildSettings = {
				ALWAYS_SEARCH_USER_PATHS = NO;
				ASSETCATALOG_COMPILER_GENERATE_SWIFT_ASSET_SYMBOL_EXTENSIONS = YES;
				CLANG_ANALYZER_NONNULL = YES;
				CLANG_ANALYZER_NUMBER_OBJECT_CONVERSION = YES_AGGRESSIVE;
				CLANG_CXX_LANGUAGE_STANDARD = "gnu++20";
				CLANG_ENABLE_MODULES = YES;
				CLANG_ENABLE_OBJC_ARC = YES;
				CLANG_ENABLE_OBJC_WEAK = YES;
				CLANG_WARN_BLOCK_CAPTURE_AUTORELEASING = YES;
				CLANG_WARN_BOOL_CONVERSION = YES;
				CLANG_WARN_COMMA = YES;
				CLANG_WARN_CONSTANT_CONVERSION = YES;
				CLANG_WARN_DEPRECATED_OBJC_IMPLEMENTATIONS = YES;
				CLANG_WARN_DIRECT_OBJC_ISA_USAGE = YES_ERROR;
				CLANG_WARN_DOCUMENTATION_COMMENTS = YES;
				CLANG_WARN_EMPTY_BODY = YES;
				CLANG_WARN_ENUM_CONVERSION = YES;
				CLANG_WARN_INFINITE_RECURSION = YES;
				CLANG_WARN_INT_CONVERSION = YES;
				CLANG_WARN_NON_LITERAL_NULL_CONVERSION = YES;
				CLANG_WARN_OBJC_IMPLICIT_RETAIN_SELF = YES;
				CLANG_WARN_OBJC_LITERAL_CONVERSION = YES;
				CLANG_WARN_OBJC_ROOT_CLASS = YES_ERROR;
				CLANG_WARN_QUOTED_INCLUDE_IN_FRAMEWORK_HEADER = YES;
				CLANG_WARN_RANGE_LOOP_ANALYSIS = YES;
				CLANG_WARN_STRICT_PROTOTYPES = YES;
				CLANG_WARN_SUSPICIOUS_MOVE = YES;
				CLANG_WARN_UNGUARDED_AVAILABILITY = YES_AGGRESSIVE;
				CLANG_WARN_UNREACHABLE_CODE = YES;
				CLANG_WARN__DUPLICATE_METHOD_MATCH = YES;
				COPY_PHASE_STRIP = NO;
				DEBUG_INFORMATION_FORMAT = dwarf;
				ENABLE_STRICT_OBJC_MSGSEND = YES;
				ENABLE_TESTABILITY = YES;
				ENABLE_USER_SCRIPT_SANDBOXING = YES;
				GCC_C_LANGUAGE_STANDARD = gnu17;
				GCC_DYNAMIC_NO_PIC = NO;
				GCC_NO_COMMON_BLOCKS = YES;
				GCC_OPTIMIZATION_LEVEL = 0;
				GCC_PREPROCESSOR_DEFINITIONS = (
					"DEBUG=1",
					"$(inherited)",
				);
				GCC_WARN_64_TO_32_BIT_CONVERSION = YES;
				GCC_WARN_ABOUT_RETURN_TYPE = YES_ERROR;
				GCC_WARN_UNDECLARED_SELECTOR = YES;
				GCC_WARN_UNINITIALIZED_AUTOS = YES_AGGRESSIVE;
				GCC_WARN_UNUSED_FUNCTION = YES;
				GCC_WARN_UNUSED_VARIABLE = YES;
				IPHONEOS_DEPLOYMENT_TARGET = 17.0;
				LOCALIZATION_PREFERS_STRING_CATALOGS = YES;
				MTL_ENABLE_DEBUG_INFO = INCLUDE_SOURCE;
				MTL_FAST_MATH = YES;
				ONLY_ACTIVE_ARCH = YES;
				SDKROOT = iphoneos;
				SWIFT_ACTIVE_COMPILATION_CONDITIONS = "DEBUG $(inherited)";
				SWIFT_OPTIMIZATION_LEVEL = "-Onone";
			};
			name = Debug;
		};
		91EADD662BE2EAB100E30520 /* Release */ = {
			isa = XCBuildConfiguration;
			buildSettings = {
				ALWAYS_SEARCH_USER_PATHS = NO;
				ASSETCATALOG_COMPILER_GENERATE_SWIFT_ASSET_SYMBOL_EXTENSIONS = YES;
				CLANG_ANALYZER_NONNULL = YES;
				CLANG_ANALYZER_NUMBER_OBJECT_CONVERSION = YES_AGGRESSIVE;
				CLANG_CXX_LANGUAGE_STANDARD = "gnu++20";
				CLANG_ENABLE_MODULES = YES;
				CLANG_ENABLE_OBJC_ARC = YES;
				CLANG_ENABLE_OBJC_WEAK = YES;
				CLANG_WARN_BLOCK_CAPTURE_AUTORELEASING = YES;
				CLANG_WARN_BOOL_CONVERSION = YES;
				CLANG_WARN_COMMA = YES;
				CLANG_WARN_CONSTANT_CONVERSION = YES;
				CLANG_WARN_DEPRECATED_OBJC_IMPLEMENTATIONS = YES;
				CLANG_WARN_DIRECT_OBJC_ISA_USAGE = YES_ERROR;
				CLANG_WARN_DOCUMENTATION_COMMENTS = YES;
				CLANG_WARN_EMPTY_BODY = YES;
				CLANG_WARN_ENUM_CONVERSION = YES;
				CLANG_WARN_INFINITE_RECURSION = YES;
				CLANG_WARN_INT_CONVERSION = YES;
				CLANG_WARN_NON_LITERAL_NULL_CONVERSION = YES;
				CLANG_WARN_OBJC_IMPLICIT_RETAIN_SELF = YES;
				CLANG_WARN_OBJC_LITERAL_CONVERSION = YES;
				CLANG_WARN_OBJC_ROOT_CLASS = YES_ERROR;
				CLANG_WARN_QUOTED_INCLUDE_IN_FRAMEWORK_HEADER = YES;
				CLANG_WARN_RANGE_LOOP_ANALYSIS = YES;
				CLANG_WARN_STRICT_PROTOTYPES = YES;
				CLANG_WARN_SUSPICIOUS_MOVE = YES;
				CLANG_WARN_UNGUARDED_AVAILABILITY = YES_AGGRESSIVE;
				CLANG_WARN_UNREACHABLE_CODE = YES;
				CLANG_WARN__DUPLICATE_METHOD_MATCH = YES;
				COPY_PHASE_STRIP = NO;
				DEBUG_INFORMATION_FORMAT = "dwarf-with-dsym";
				ENABLE_NS_ASSERTIONS = NO;
				ENABLE_STRICT_OBJC_MSGSEND = YES;
				ENABLE_USER_SCRIPT_SANDBOXING = YES;
				GCC_C_LANGUAGE_STANDARD = gnu17;
				GCC_NO_COMMON_BLOCKS = YES;
				GCC_WARN_64_TO_32_BIT_CONVERSION = YES;
				GCC_WARN_ABOUT_RETURN_TYPE = YES_ERROR;
				GCC_WARN_UNDECLARED_SELECTOR = YES;
				GCC_WARN_UNINITIALIZED_AUTOS = YES_AGGRESSIVE;
				GCC_WARN_UNUSED_FUNCTION = YES;
				GCC_WARN_UNUSED_VARIABLE = YES;
				IPHONEOS_DEPLOYMENT_TARGET = 17.0;
				LOCALIZATION_PREFERS_STRING_CATALOGS = YES;
				MTL_ENABLE_DEBUG_INFO = NO;
				MTL_FAST_MATH = YES;
				SDKROOT = iphoneos;
				SWIFT_COMPILATION_MODE = wholemodule;
				VALIDATE_PRODUCT = YES;
			};
			name = Release;
		};
		91EADD682BE2EAB100E30520 /* Debug */ = {
			isa = XCBuildConfiguration;
			buildSettings = {
				ASSETCATALOG_COMPILER_APPICON_NAME = AppIcon;
				ASSETCATALOG_COMPILER_GLOBAL_ACCENT_COLOR_NAME = AccentColor;
				CODE_SIGN_STYLE = Automatic;
				CURRENT_PROJECT_VERSION = 1;
				DEVELOPMENT_ASSET_PATHS = "\"NoteApp/Preview Content\"";
				DEVELOPMENT_TEAM = 93HXXKU36W;
				ENABLE_PREVIEWS = YES;
				GENERATE_INFOPLIST_FILE = YES;
				INFOPLIST_KEY_CFBundleDisplayName = NoteApp;
				INFOPLIST_KEY_UIApplicationSceneManifest_Generation = YES;
				INFOPLIST_KEY_UIApplicationSupportsIndirectInputEvents = YES;
				INFOPLIST_KEY_UILaunchScreen_Generation = YES;
				INFOPLIST_KEY_UISupportedInterfaceOrientations = UIInterfaceOrientationPortrait;
				IPHONEOS_DEPLOYMENT_TARGET = 16.0;
				LD_RUNPATH_SEARCH_PATHS = (
					"$(inherited)",
					"@executable_path/Frameworks",
				);
				MARKETING_VERSION = 1.0;
				PRODUCT_BUNDLE_IDENTIFIER = com.mansurcanatmaca.NoteApp;
				PRODUCT_NAME = "$(TARGET_NAME)";
				SWIFT_EMIT_LOC_STRINGS = YES;
				SWIFT_VERSION = 5.0;
				TARGETED_DEVICE_FAMILY = "1,2";
			};
			name = Debug;
		};
		91EADD692BE2EAB100E30520 /* Release */ = {
			isa = XCBuildConfiguration;
			buildSettings = {
				ASSETCATALOG_COMPILER_APPICON_NAME = AppIcon;
				ASSETCATALOG_COMPILER_GLOBAL_ACCENT_COLOR_NAME = AccentColor;
				CODE_SIGN_STYLE = Automatic;
				CURRENT_PROJECT_VERSION = 1;
				DEVELOPMENT_ASSET_PATHS = "\"NoteApp/Preview Content\"";
				DEVELOPMENT_TEAM = 93HXXKU36W;
				ENABLE_PREVIEWS = YES;
				GENERATE_INFOPLIST_FILE = YES;
				INFOPLIST_KEY_CFBundleDisplayName = NoteApp;
				INFOPLIST_KEY_UIApplicationSceneManifest_Generation = YES;
				INFOPLIST_KEY_UIApplicationSupportsIndirectInputEvents = YES;
				INFOPLIST_KEY_UILaunchScreen_Generation = YES;
				INFOPLIST_KEY_UISupportedInterfaceOrientations = UIInterfaceOrientationPortrait;
				IPHONEOS_DEPLOYMENT_TARGET = 16.0;
				LD_RUNPATH_SEARCH_PATHS = (
					"$(inherited)",
					"@executable_path/Frameworks",
				);
				MARKETING_VERSION = 1.0;
				PRODUCT_BUNDLE_IDENTIFIER = com.mansurcanatmaca.NoteApp;
				PRODUCT_NAME = "$(TARGET_NAME)";
				SWIFT_EMIT_LOC_STRINGS = YES;
				SWIFT_VERSION = 5.0;
				TARGETED_DEVICE_FAMILY = "1,2";
			};
			name = Release;
		};
/* End XCBuildConfiguration section */

/* Begin XCConfigurationList section */
		91EADD542BE2EAAF00E30520 /* Build configuration list for PBXProject "NoteApp" */ = {
			isa = XCConfigurationList;
			buildConfigurations = (
				91EADD652BE2EAB100E30520 /* Debug */,
				91EADD662BE2EAB100E30520 /* Release */,
			);
			defaultConfigurationIsVisible = 0;
			defaultConfigurationName = Release;
		};
		91EADD672BE2EAB100E30520 /* Build configuration list for PBXNativeTarget "NoteApp" */ = {
			isa = XCConfigurationList;
			buildConfigurations = (
				91EADD682BE2EAB100E30520 /* Debug */,
				91EADD692BE2EAB100E30520 /* Release */,
			);
			defaultConfigurationIsVisible = 0;
			defaultConfigurationName = Release;
		};
/* End XCConfigurationList section */

/* Begin XCRemoteSwiftPackageReference section */
		91EADD6A2BE2EAEE00E30520 /* XCRemoteSwiftPackageReference "firebase-ios-sdk" */ = {
			isa = XCRemoteSwiftPackageReference;
			repositoryURL = "https://github.com/firebase/firebase-ios-sdk";
			requirement = {
				kind = upToNextMajorVersion;
				minimumVersion = 10.25.0;
			};
		};
/* End XCRemoteSwiftPackageReference section */

/* Begin XCSwiftPackageProductDependency section */
		9168C8702BE55E00000E8F57 /* FirebaseAuth */ = {
			isa = XCSwiftPackageProductDependency;
			package = 91EADD6A2BE2EAEE00E30520 /* XCRemoteSwiftPackageReference "firebase-ios-sdk" */;
			productName = FirebaseAuth;
		};
		9168C8742BE572A3000E8F57 /* FirebaseFirestoreSwift */ = {
			isa = XCSwiftPackageProductDependency;
			package = 91EADD6A2BE2EAEE00E30520 /* XCRemoteSwiftPackageReference "firebase-ios-sdk" */;
			productName = FirebaseFirestoreSwift;
		};
		9168C8762BE572AB000E8F57 /* FirebaseFirestore */ = {
			isa = XCSwiftPackageProductDependency;
			package = 91EADD6A2BE2EAEE00E30520 /* XCRemoteSwiftPackageReference "firebase-ios-sdk" */;
			productName = FirebaseFirestore;
		};
		91EADD6B2BE2EAEE00E30520 /* FirebaseAnalytics */ = {
			isa = XCSwiftPackageProductDependency;
			package = 91EADD6A2BE2EAEE00E30520 /* XCRemoteSwiftPackageReference "firebase-ios-sdk" */;
			productName = FirebaseAnalytics;
		};
		91EADD6D2BE2EAEE00E30520 /* FirebaseAnalyticsOnDeviceConversion */ = {
			isa = XCSwiftPackageProductDependency;
			package = 91EADD6A2BE2EAEE00E30520 /* XCRemoteSwiftPackageReference "firebase-ios-sdk" */;
			productName = FirebaseAnalyticsOnDeviceConversion;
		};
		91EADD6F2BE2EAEE00E30520 /* FirebaseAnalyticsSwift */ = {
			isa = XCSwiftPackageProductDependency;
			package = 91EADD6A2BE2EAEE00E30520 /* XCRemoteSwiftPackageReference "firebase-ios-sdk" */;
			productName = FirebaseAnalyticsSwift;
		};
		91EADD712BE2EAEE00E30520 /* FirebaseAnalyticsWithoutAdIdSupport */ = {
			isa = XCSwiftPackageProductDependency;
			package = 91EADD6A2BE2EAEE00E30520 /* XCRemoteSwiftPackageReference "firebase-ios-sdk" */;
			productName = FirebaseAnalyticsWithoutAdIdSupport;
		};
		91EADD732BE2EAEE00E30520 /* FirebaseAppCheck */ = {
			isa = XCSwiftPackageProductDependency;
			package = 91EADD6A2BE2EAEE00E30520 /* XCRemoteSwiftPackageReference "firebase-ios-sdk" */;
			productName = FirebaseAppCheck;
		};
/* End XCSwiftPackageProductDependency section */
	};
	rootObject = 91EADD512BE2EAAF00E30520 /* Project object */;
}
